{
  "name": "@phaserjs/dom",
  "version": "0.0.4",
  "lockfileVersion": 1,
  "requires": true,
  "dependencies": {
    "@phaserjs/device": {
      "version": "0.0.3",
      "resolved": "https://registry.npmjs.org/@phaserjs/device/-/device-0.0.3.tgz",
      "integrity": "sha512-yW3Oad62iJsW5ilmcJE7Zd45/rkeQeJyOg25vud6wTuEPnVAs22y+fRrNk9XzEIyyZPKCKP0qBZDq4uyehv2bg=="
    },
    "typescript": {
      "version": "3.7.5",
      "resolved": "https://registry.npmjs.org/typescript/-/typescript-3.7.5.tgz",
      "integrity": "sha512-/P5lkRXkWHNAbcJIiHPfRoKqyd7bsyCma1hZNUGfn20qm64T6ZBlrzprymeu918H+mB/0rIg2gGK/BXkhhYgBw==",
      "dev": true
    }
  }
}
