{
  "name": "@phaserjs/core",
  "version": "0.0.3",
  "lockfileVersion": 1,
  "requires": true,
  "dependencies": {
    "@phaserjs/device": {
      "version": "0.0.3",
      "resolved": "https://registry.npmjs.org/@phaserjs/device/-/device-0.0.3.tgz",
      "integrity": "sha512-yW3Oad62iJsW5ilmcJE7Zd45/rkeQeJyOg25vud6wTuEPnVAs22y+fRrNk9XzEIyyZPKCKP0qBZDq4uyehv2bg=="
    },
    "@phaserjs/dom": {
      "version": "0.0.4",
      "resolved": "https://registry.npmjs.org/@phaserjs/dom/-/dom-0.0.4.tgz",
      "integrity": "sha512-WWseBIBov+dwsuA2ynU0AnbvBHNHa0EVcPHuESF/UpmBCK0k/dZqj9nE8jjGpnFIlmt/WS7h6Q2t7KHFO50jbg==",
      "requires": {
        "@phaserjs/device": "^0.0.3"
      }
    },
    "typescript": {
      "version": "3.7.5",
      "resolved": "https://registry.npmjs.org/typescript/-/typescript-3.7.5.tgz",
      "integrity": "sha512-/P5lkRXkWHNAbcJIiHPfRoKqyd7bsyCma1hZNUGfn20qm64T6ZBlrzprymeu918H+mB/0rIg2gGK/BXkhhYgBw==",
      "dev": true
    }
  }
}
