{
  "name": "@phaserjs/plugin-loader",
  "version": "0.0.3",
  "lockfileVersion": 1,
  "requires": true,
  "dependencies": {
    "@phaserjs/loader": {
      "version": "0.0.5",
      "resolved": "https://registry.npmjs.org/@phaserjs/loader/-/loader-0.0.5.tgz",
      "integrity": "sha512-Qd4k7EIyeKfOX4VaSTgpHoecDbse3idYUXrLqXf7U+UsgzAdMr1C3kpr331wE2OTRcon05LEd6Fb9+aqglJ1TA=="
    },
    "@phaserjs/loader-filetypes": {
      "version": "0.0.5",
      "resolved": "https://registry.npmjs.org/@phaserjs/loader-filetypes/-/loader-filetypes-0.0.5.tgz",
      "integrity": "sha512-C2LMRoiak4ZcAf6pYh8mz5kcwhl6EvM7cld0ltDrVjwri0ZpL0kDvMkcqgoBwu0rjz1LX6/ShfFU4JsjvKt9UA==",
      "requires": {
        "@phaserjs/loader": "^0.0.5"
      }
    },
    "typescript": {
      "version": "3.7.5",
      "resolved": "https://registry.npmjs.org/typescript/-/typescript-3.7.5.tgz",
      "integrity": "sha512-/P5lkRXkWHNAbcJIiHPfRoKqyd7bsyCma1hZNUGfn20qm64T6ZBlrzprymeu918H+mB/0rIg2gGK/BXkhhYgBw=="
    }
  }
}
