{
  "name": "@phaserjs/math-matrix2d-funcs",
  "version": "0.0.6",
  "lockfileVersion": 1,
  "requires": true,
  "dependencies": {
    "@phaserjs/math-matrix2d": {
      "version": "0.0.7",
      "resolved": "https://registry.npmjs.org/@phaserjs/math-matrix2d/-/math-matrix2d-0.0.7.tgz",
      "integrity": "sha512-Z1GrUHQ/pzzQWHdSqDu9GEKjEB2s0lnR3kOLXiNYQhn48WgXPvHx24vcsjx9NpkWU4GgbXariAuPrLERgFN7bg==",
      "requires": {
        "typescript": "^3.6.2"
      }
    },
    "typescript": {
      "version": "3.7.5",
      "resolved": "https://registry.npmjs.org/typescript/-/typescript-3.7.5.tgz",
      "integrity": "sha512-/P5lkRXkWHNAbcJIiHPfRoKqyd7bsyCma1hZNUGfn20qm64T6ZBlrzprymeu918H+mB/0rIg2gGK/BXkhhYgBw=="
    }
  }
}
