{
  "name": "@phaserjs/math-matrix2d-funcs",
  "version": "0.0.5",
  "lockfileVersion": 1,
  "requires": true,
  "dependencies": {
    "@phaserjs/math-matrix2d": {
      "version": "0.0.3",
      "resolved": "https://registry.npmjs.org/@phaserjs/math-matrix2d/-/math-matrix2d-0.0.3.tgz",
      "integrity": "sha512-1f9/vqVku/SPn6Qkji2UCq0iTprC8ROO8bFWyi60jJotYNi5YyEAtW1LcETX0TV6gch2uCoL7Ru871CIXIGq6g==",
      "requires": {
        "typescript": "^3.6.2"
      }
    },
    "typescript": {
      "version": "3.6.4",
      "resolved": "https://registry.npmjs.org/typescript/-/typescript-3.6.4.tgz",
      "integrity": "sha512-unoCll1+l+YK4i4F8f22TaNVPRHcD9PA3yCuZ8g5e0qGqlVlJ/8FSateOLLSagn+Yg5+ZwuPkL8LFUc0Jcvksg=="
    }
  }
}
