{
  "name": "@phaserjs/math-matrix4-funcs",
  "version": "0.0.4",
  "lockfileVersion": 1,
  "requires": true,
  "dependencies": {
    "@phaserjs/math-matrix4": {
      "version": "0.0.4",
      "resolved": "https://registry.npmjs.org/@phaserjs/math-matrix4/-/math-matrix4-0.0.4.tgz",
      "integrity": "sha512-4RUmHpWtNHIUcIZE4uqDPkkzcMCeti48KieEJmdL5AJo3sd+ZHGpgjWixhubpcKcPA/q6eGDNqoviPN2Sy6ksg==",
      "dev": true,
      "requires": {
        "typescript": "^3.7.2"
      }
    },
    "typescript": {
      "version": "3.7.2",
      "resolved": "https://registry.npmjs.org/typescript/-/typescript-3.7.2.tgz",
      "integrity": "sha512-ml7V7JfiN2Xwvcer+XAf2csGO1bPBdRbFCkYBczNZggrBZ9c7G3riSUeJmqEU5uOtXNPMhE3n+R4FA/3YOAWOQ=="
    }
  }
}
