{
  "name": "@phaserjs/math-matrix4-funcs",
  "version": "0.0.14",
  "lockfileVersion": 1,
  "requires": true,
  "dependencies": {
    "@phaserjs/math-matrix2d": {
      "version": "0.0.7",
      "resolved": "https://registry.npmjs.org/@phaserjs/math-matrix2d/-/math-matrix2d-0.0.7.tgz",
      "integrity": "sha512-Z1GrUHQ/pzzQWHdSqDu9GEKjEB2s0lnR3kOLXiNYQhn48WgXPvHx24vcsjx9NpkWU4GgbXariAuPrLERgFN7bg==",
      "dev": true,
      "requires": {
        "typescript": "^3.6.2"
      }
    },
    "@phaserjs/math-matrix4": {
      "version": "0.0.13",
      "resolved": "https://registry.npmjs.org/@phaserjs/math-matrix4/-/math-matrix4-0.0.13.tgz",
      "integrity": "sha512-Nr5lBI4IjdM2zmh08D+bm44X+Plf6eGgSVq6x9T7+Kh1IFO2YU+gt6rPLrkkaAgmv/f7N4NSc4ile2U/hDiFEg==",
      "dev": true,
      "requires": {
        "@phaserjs/math-matrix2d": "^0.0.7",
        "typescript": "^3.7.2"
      }
    },
    "@phaserjs/math-vec3": {
      "version": "0.0.2",
      "resolved": "https://registry.npmjs.org/@phaserjs/math-vec3/-/math-vec3-0.0.2.tgz",
      "integrity": "sha512-m5QXRh9uBgMsfLf1aT1VeK9MWY7+eGNDxYpMTMssfe0ib5H70nm/4vbGqgjKJIrlK1b+bs1aW4EzTQBRM00aDQ==",
      "dev": true,
      "requires": {
        "typescript": "^3.7.2"
      }
    },
    "typescript": {
      "version": "3.7.5",
      "resolved": "https://registry.npmjs.org/typescript/-/typescript-3.7.5.tgz",
      "integrity": "sha512-/P5lkRXkWHNAbcJIiHPfRoKqyd7bsyCma1hZNUGfn20qm64T6ZBlrzprymeu918H+mB/0rIg2gGK/BXkhhYgBw=="
    }
  }
}
